
Microsoft Visual Studio Solution File, Format Version 12.00
# Visual Studio Version 17
VisualStudioVersion = 17.5.33627.172
MinimumVisualStudioVersion = 10.0.40219.1
Project("{FAE04EC0-301F-11D3-BF4B-00C04F79EFBC}") = "QLBH", "QLBH\QLBH.csproj", "{ED94DDD3-847B-4F24-BA1C-8EE2F277C6A7}"
EndProject
Global
	GlobalSection(SolutionConfigurationPlatforms) = preSolution
		Debug|Any CPU = Debug|Any CPU
		Release|Any CPU = Release|Any CPU
	EndGlobalSection
	GlobalSection(ProjectConfigurationPlatforms) = postSolution
		{ED94DDD3-847B-4F24-BA1C-8EE2F277C6A7}.Debug|Any CPU.ActiveCfg = Debug|Any CPU
		{ED94DDD3-847B-4F24-BA1C-8EE2F277C6A7}.Debug|Any CPU.Build.0 = Debug|Any CPU
		{ED94DDD3-847B-4F24-BA1C-8EE2F277C6A7}.Release|Any CPU.ActiveCfg = Release|Any CPU
		{ED94DDD3-847B-4F24-BA1C-8EE2F277C6A7}.Release|Any CPU.Build.0 = Release|Any CPU
	EndGlobalSection
	GlobalSection(SolutionProperties) = preSolution
		HideSolutionNode = FALSE
	EndGlobalSection
	GlobalSection(ExtensibilityGlobals) = postSolution
		SolutionGuid = {E0085DEE-1A2A-4E99-B58B-6D9553261B51}
	EndGlobalSection
EndGlobal
