
Microsoft Visual Studio Solution File, Format Version 12.00
# Visual Studio Version 17
VisualStudioVersion = 17.5.33424.131
MinimumVisualStudioVersion = 10.0.40219.1
Project("{FAE04EC0-301F-11D3-BF4B-00C04F79EFBC}") = "BaiTapLyThuyetBuoi2", "BaiTapLyThuyetBuoi2\BaiTapLyThuyetBuoi2.csproj", "{7FF55B65-CBC5-49F3-883B-296C77559F6B}"
EndProject
Global
	GlobalSection(SolutionConfigurationPlatforms) = preSolution
		Debug|Any CPU = Debug|Any CPU
		Release|Any CPU = Release|Any CPU
	EndGlobalSection
	GlobalSection(ProjectConfigurationPlatforms) = postSolution
		{7FF55B65-CBC5-49F3-883B-296C77559F6B}.Debug|Any CPU.ActiveCfg = Debug|Any CPU
		{7FF55B65-CBC5-49F3-883B-296C77559F6B}.Debug|Any CPU.Build.0 = Debug|Any CPU
		{7FF55B65-CBC5-49F3-883B-296C77559F6B}.Release|Any CPU.ActiveCfg = Release|Any CPU
		{7FF55B65-CBC5-49F3-883B-296C77559F6B}.Release|Any CPU.Build.0 = Release|Any CPU
	EndGlobalSection
	GlobalSection(SolutionProperties) = preSolution
		HideSolutionNode = FALSE
	EndGlobalSection
	GlobalSection(ExtensibilityGlobals) = postSolution
		SolutionGuid = {0D13BF5E-B8F6-4151-9296-A96B238E1D80}
	EndGlobalSection
EndGlobal
